{
    "name": "scripts",
    "lockfileVersion": 3,
    "requires": true,
    "packages": {
        "": {
            "dependencies": {
                "badge-maker": "^4.1.0",
                "esbuild": "^0.24.2",
                "image-size": "^1.2.0",
                "js-yaml": "^4.1.0",
                "jsdom": "^26.0.0",
                "marked": "^15.0.6",
                "minimatch": "^10.0.1",
                "prismjs": "^1.29.0"
            }
        },
        "node_modules/@asamuzakjp/css-color": {
            "version": "2.8.3",
            "resolved": "https://registry.npmjs.org/@asamuzakjp/css-color/-/css-color-2.8.3.tgz",
            "integrity": "sha512-GIc76d9UI1hCvOATjZPyHFmE5qhRccp3/zGfMPapK3jBi+yocEzp6BBB0UnfRYP9NP4FANqUZYb0hnfs3TM3hw==",
            "license": "MIT",
            "dependencies": {
                "@csstools/css-calc": "^2.1.1",
                "@csstools/css-color-parser": "^3.0.7",
                "@csstools/css-parser-algorithms": "^3.0.4",
                "@csstools/css-tokenizer": "^3.0.3",
                "lru-cache": "^10.4.3"
            }
        },
        "node_modules/@csstools/color-helpers": {
            "version": "5.0.1",
            "resolved": "https://registry.npmjs.org/@csstools/color-helpers/-/color-helpers-5.0.1.tgz",
            "integrity": "sha512-MKtmkA0BX87PKaO1NFRTFH+UnkgnmySQOvNxJubsadusqPEC2aJ9MOQiMceZJJ6oitUl/i0L6u0M1IrmAOmgBA==",
            "funding": [
                {
                    "type": "github",
                    "url": "https://github.com/sponsors/csstools"
                },
                {
                    "type": "opencollective",
                    "url": "https://opencollective.com/csstools"
                }
            ],
            "license": "MIT-0",
            "engines": {
                "node": ">=18"
            }
        },
        "node_modules/@csstools/css-calc": {
            "version": "2.1.1",
            "resolved": "https://registry.npmjs.org/@csstools/css-calc/-/css-calc-2.1.1.tgz",
            "integrity": "sha512-rL7kaUnTkL9K+Cvo2pnCieqNpTKgQzy5f+N+5Iuko9HAoasP+xgprVh7KN/MaJVvVL1l0EzQq2MoqBHKSrDrag==",
            "funding": [
                {
                    "type": "github",
                    "url": "https://github.com/sponsors/csstools"
                },
                {
                    "type": "opencollective",
                    "url": "https://opencollective.com/csstools"
                }
            ],
            "license": "MIT",
            "engines": {
                "node": ">=18"
            },
            "peerDependencies": {
                "@csstools/css-parser-algorithms": "^3.0.4",
                "@csstools/css-tokenizer": "^3.0.3"
            }
        },
        "node_modules/@csstools/css-color-parser": {
            "version": "3.0.7",
            "resolved": "https://registry.npmjs.org/@csstools/css-color-parser/-/css-color-parser-3.0.7.tgz",
            "integrity": "sha512-nkMp2mTICw32uE5NN+EsJ4f5N+IGFeCFu4bGpiKgb2Pq/7J/MpyLBeQ5ry4KKtRFZaYs6sTmcMYrSRIyj5DFKA==",
            "funding": [
                {
                    "type": "github",
                    "url": "https://github.com/sponsors/csstools"
                },
                {
                    "type": "opencollective",
                    "url": "https://opencollective.com/csstools"
                }
            ],
            "license": "MIT",
            "dependencies": {
                "@csstools/color-helpers": "^5.0.1",
                "@csstools/css-calc": "^2.1.1"
            },
            "engines": {
                "node": ">=18"
            },
            "peerDependencies": {
                "@csstools/css-parser-algorithms": "^3.0.4",
                "@csstools/css-tokenizer": "^3.0.3"
            }
        },
        "node_modules/@csstools/css-parser-algorithms": {
            "version": "3.0.4",
            "resolved": "https://registry.npmjs.org/@csstools/css-parser-algorithms/-/css-parser-algorithms-3.0.4.tgz",
            "integrity": "sha512-Up7rBoV77rv29d3uKHUIVubz1BTcgyUK72IvCQAbfbMv584xHcGKCKbWh7i8hPrRJ7qU4Y8IO3IY9m+iTB7P3A==",
            "funding": [
                {
                    "type": "github",
                    "url": "https://github.com/sponsors/csstools"
                },
                {
                    "type": "opencollective",
                    "url": "https://opencollective.com/csstools"
                }
            ],
            "license": "MIT",
            "engines": {
                "node": ">=18"
            },
            "peerDependencies": {
                "@csstools/css-tokenizer": "^3.0.3"
            }
        },
        "node_modules/@csstools/css-tokenizer": {
            "version": "3.0.3",
            "resolved": "https://registry.npmjs.org/@csstools/css-tokenizer/-/css-tokenizer-3.0.3.tgz",
            "integrity": "sha512-UJnjoFsmxfKUdNYdWgOB0mWUypuLvAfQPH1+pyvRJs6euowbFkFC6P13w1l8mJyi3vxYMxc9kld5jZEGRQs6bw==",
            "funding": [
                {
                    "type": "github",
                    "url": "https://github.com/sponsors/csstools"
                },
                {
                    "type": "opencollective",
                    "url": "https://opencollective.com/csstools"
                }
            ],
            "license": "MIT",
            "engines": {
                "node": ">=18"
            }
        },
        "node_modules/@esbuild/aix-ppc64": {
            "version": "0.24.2",
            "resolved": "https://registry.npmjs.org/@esbuild/aix-ppc64/-/aix-ppc64-0.24.2.tgz",
            "integrity": "sha512-thpVCb/rhxE/BnMLQ7GReQLLN8q9qbHmI55F4489/ByVg2aQaQ6kbcLb6FHkocZzQhxc4gx0sCk0tJkKBFzDhA==",
            "cpu": [
                "ppc64"
            ],
            "license": "MIT",
            "optional": true,
            "os": [
                "aix"
            ],
            "engines": {
                "node": ">=18"
            }
        },
        "node_modules/@esbuild/android-arm": {
            "version": "0.24.2",
            "resolved": "https://registry.npmjs.org/@esbuild/android-arm/-/android-arm-0.24.2.tgz",
            "integrity": "sha512-tmwl4hJkCfNHwFB3nBa8z1Uy3ypZpxqxfTQOcHX+xRByyYgunVbZ9MzUUfb0RxaHIMnbHagwAxuTL+tnNM+1/Q==",
            "cpu": [
                "arm"
            ],
            "license": "MIT",
            "optional": true,
            "os": [
                "android"
            ],
            "engines": {
                "node": ">=18"
            }
        },
        "node_modules/@esbuild/android-arm64": {
            "version": "0.24.2",
            "resolved": "https://registry.npmjs.org/@esbuild/android-arm64/-/android-arm64-0.24.2.tgz",
            "integrity": "sha512-cNLgeqCqV8WxfcTIOeL4OAtSmL8JjcN6m09XIgro1Wi7cF4t/THaWEa7eL5CMoMBdjoHOTh/vwTO/o2TRXIyzg==",
            "cpu": [
                "arm64"
            ],
            "license": "MIT",
            "optional": true,
            "os": [
                "android"
            ],
            "engines": {
                "node": ">=18"
            }
        },
        "node_modules/@esbuild/android-x64": {
            "version": "0.24.2",
            "resolved": "https://registry.npmjs.org/@esbuild/android-x64/-/android-x64-0.24.2.tgz",
            "integrity": "sha512-B6Q0YQDqMx9D7rvIcsXfmJfvUYLoP722bgfBlO5cGvNVb5V/+Y7nhBE3mHV9OpxBf4eAS2S68KZztiPaWq4XYw==",
            "cpu": [
                "x64"
            ],
            "license": "MIT",
            "optional": true,
            "os": [
                "android"
            ],
            "engines": {
                "node": ">=18"
            }
        },
        "node_modules/@esbuild/darwin-arm64": {
            "version": "0.24.2",
            "resolved": "https://registry.npmjs.org/@esbuild/darwin-arm64/-/darwin-arm64-0.24.2.tgz",
            "integrity": "sha512-kj3AnYWc+CekmZnS5IPu9D+HWtUI49hbnyqk0FLEJDbzCIQt7hg7ucF1SQAilhtYpIujfaHr6O0UHlzzSPdOeA==",
            "cpu": [
                "arm64"
            ],
            "license": "MIT",
            "optional": true,
            "os": [
                "darwin"
            ],
            "engines": {
                "node": ">=18"
            }
        },
        "node_modules/@esbuild/darwin-x64": {
            "version": "0.24.2",
            "resolved": "https://registry.npmjs.org/@esbuild/darwin-x64/-/darwin-x64-0.24.2.tgz",
            "integrity": "sha512-WeSrmwwHaPkNR5H3yYfowhZcbriGqooyu3zI/3GGpF8AyUdsrrP0X6KumITGA9WOyiJavnGZUwPGvxvwfWPHIA==",
            "cpu": [
                "x64"
            ],
            "license": "MIT",
            "optional": true,
            "os": [
                "darwin"
            ],
            "engines": {
                "node": ">=18"
            }
        },
        "node_modules/@esbuild/freebsd-arm64": {
            "version": "0.24.2",
            "resolved": "https://registry.npmjs.org/@esbuild/freebsd-arm64/-/freebsd-arm64-0.24.2.tgz",
            "integrity": "sha512-UN8HXjtJ0k/Mj6a9+5u6+2eZ2ERD7Edt1Q9IZiB5UZAIdPnVKDoG7mdTVGhHJIeEml60JteamR3qhsr1r8gXvg==",
            "cpu": [
                "arm64"
            ],
            "license": "MIT",
            "optional": true,
            "os": [
                "freebsd"
            ],
            "engines": {
                "node": ">=18"
            }
        },
        "node_modules/@esbuild/freebsd-x64": {
            "version": "0.24.2",
            "resolved": "https://registry.npmjs.org/@esbuild/freebsd-x64/-/freebsd-x64-0.24.2.tgz",
            "integrity": "sha512-TvW7wE/89PYW+IevEJXZ5sF6gJRDY/14hyIGFXdIucxCsbRmLUcjseQu1SyTko+2idmCw94TgyaEZi9HUSOe3Q==",
            "cpu": [
                "x64"
            ],
            "license": "MIT",
            "optional": true,
            "os": [
                "freebsd"
            ],
            "engines": {
                "node": ">=18"
            }
        },
        "node_modules/@esbuild/linux-arm": {
            "version": "0.24.2",
            "resolved": "https://registry.npmjs.org/@esbuild/linux-arm/-/linux-arm-0.24.2.tgz",
            "integrity": "sha512-n0WRM/gWIdU29J57hJyUdIsk0WarGd6To0s+Y+LwvlC55wt+GT/OgkwoXCXvIue1i1sSNWblHEig00GBWiJgfA==",
            "cpu": [
                "arm"
            ],
            "license": "MIT",
            "optional": true,
            "os": [
                "linux"
            ],
            "engines": {
                "node": ">=18"
            }
        },
        "node_modules/@esbuild/linux-arm64": {
            "version": "0.24.2",
            "resolved": "https://registry.npmjs.org/@esbuild/linux-arm64/-/linux-arm64-0.24.2.tgz",
            "integrity": "sha512-7HnAD6074BW43YvvUmE/35Id9/NB7BeX5EoNkK9obndmZBUk8xmJJeU7DwmUeN7tkysslb2eSl6CTrYz6oEMQg==",
            "cpu": [
                "arm64"
            ],
            "license": "MIT",
            "optional": true,
            "os": [
                "linux"
            ],
            "engines": {
                "node": ">=18"
            }
        },
        "node_modules/@esbuild/linux-ia32": {
            "version": "0.24.2",
            "resolved": "https://registry.npmjs.org/@esbuild/linux-ia32/-/linux-ia32-0.24.2.tgz",
            "integrity": "sha512-sfv0tGPQhcZOgTKO3oBE9xpHuUqguHvSo4jl+wjnKwFpapx+vUDcawbwPNuBIAYdRAvIDBfZVvXprIj3HA+Ugw==",
            "cpu": [
                "ia32"
            ],
            "license": "MIT",
            "optional": true,
            "os": [
                "linux"
            ],
            "engines": {
                "node": ">=18"
            }
        },
        "node_modules/@esbuild/linux-loong64": {
            "version": "0.24.2",
            "resolved": "https://registry.npmjs.org/@esbuild/linux-loong64/-/linux-loong64-0.24.2.tgz",
            "integrity": "sha512-CN9AZr8kEndGooS35ntToZLTQLHEjtVB5n7dl8ZcTZMonJ7CCfStrYhrzF97eAecqVbVJ7APOEe18RPI4KLhwQ==",
            "cpu": [
                "loong64"
            ],
            "license": "MIT",
            "optional": true,
            "os": [
                "linux"
            ],
            "engines": {
                "node": ">=18"
            }
        },
        "node_modules/@esbuild/linux-mips64el": {
            "version": "0.24.2",
            "resolved": "https://registry.npmjs.org/@esbuild/linux-mips64el/-/linux-mips64el-0.24.2.tgz",
            "integrity": "sha512-iMkk7qr/wl3exJATwkISxI7kTcmHKE+BlymIAbHO8xanq/TjHaaVThFF6ipWzPHryoFsesNQJPE/3wFJw4+huw==",
            "cpu": [
                "mips64el"
            ],
            "license": "MIT",
            "optional": true,
            "os": [
                "linux"
            ],
            "engines": {
                "node": ">=18"
            }
        },
        "node_modules/@esbuild/linux-ppc64": {
            "version": "0.24.2",
            "resolved": "https://registry.npmjs.org/@esbuild/linux-ppc64/-/linux-ppc64-0.24.2.tgz",
            "integrity": "sha512-shsVrgCZ57Vr2L8mm39kO5PPIb+843FStGt7sGGoqiiWYconSxwTiuswC1VJZLCjNiMLAMh34jg4VSEQb+iEbw==",
            "cpu": [
                "ppc64"
            ],
            "license": "MIT",
            "optional": true,
            "os": [
                "linux"
            ],
            "engines": {
                "node": ">=18"
            }
        },
        "node_modules/@esbuild/linux-riscv64": {
            "version": "0.24.2",
            "resolved": "https://registry.npmjs.org/@esbuild/linux-riscv64/-/linux-riscv64-0.24.2.tgz",
            "integrity": "sha512-4eSFWnU9Hhd68fW16GD0TINewo1L6dRrB+oLNNbYyMUAeOD2yCK5KXGK1GH4qD/kT+bTEXjsyTCiJGHPZ3eM9Q==",
            "cpu": [
                "riscv64"
            ],
            "license": "MIT",
            "optional": true,
            "os": [
                "linux"
            ],
            "engines": {
                "node": ">=18"
            }
        },
        "node_modules/@esbuild/linux-s390x": {
            "version": "0.24.2",
            "resolved": "https://registry.npmjs.org/@esbuild/linux-s390x/-/linux-s390x-0.24.2.tgz",
            "integrity": "sha512-S0Bh0A53b0YHL2XEXC20bHLuGMOhFDO6GN4b3YjRLK//Ep3ql3erpNcPlEFed93hsQAjAQDNsvcK+hV90FubSw==",
            "cpu": [
                "s390x"
            ],
            "license": "MIT",
            "optional": true,
            "os": [
                "linux"
            ],
            "engines": {
                "node": ">=18"
            }
        },
        "node_modules/@esbuild/linux-x64": {
            "version": "0.24.2",
            "resolved": "https://registry.npmjs.org/@esbuild/linux-x64/-/linux-x64-0.24.2.tgz",
            "integrity": "sha512-8Qi4nQcCTbLnK9WoMjdC9NiTG6/E38RNICU6sUNqK0QFxCYgoARqVqxdFmWkdonVsvGqWhmm7MO0jyTqLqwj0Q==",
            "cpu": [
                "x64"
            ],
            "license": "MIT",
            "optional": true,
            "os": [
                "linux"
            ],
            "engines": {
                "node": ">=18"
            }
        },
        "node_modules/@esbuild/netbsd-arm64": {
            "version": "0.24.2",
            "resolved": "https://registry.npmjs.org/@esbuild/netbsd-arm64/-/netbsd-arm64-0.24.2.tgz",
            "integrity": "sha512-wuLK/VztRRpMt9zyHSazyCVdCXlpHkKm34WUyinD2lzK07FAHTq0KQvZZlXikNWkDGoT6x3TD51jKQ7gMVpopw==",
            "cpu": [
                "arm64"
            ],
            "license": "MIT",
            "optional": true,
            "os": [
                "netbsd"
            ],
            "engines": {
                "node": ">=18"
            }
        },
        "node_modules/@esbuild/netbsd-x64": {
            "version": "0.24.2",
            "resolved": "https://registry.npmjs.org/@esbuild/netbsd-x64/-/netbsd-x64-0.24.2.tgz",
            "integrity": "sha512-VefFaQUc4FMmJuAxmIHgUmfNiLXY438XrL4GDNV1Y1H/RW3qow68xTwjZKfj/+Plp9NANmzbH5R40Meudu8mmw==",
            "cpu": [
                "x64"
            ],
            "license": "MIT",
            "optional": true,
            "os": [
                "netbsd"
            ],
            "engines": {
                "node": ">=18"
            }
        },
        "node_modules/@esbuild/openbsd-arm64": {
            "version": "0.24.2",
            "resolved": "https://registry.npmjs.org/@esbuild/openbsd-arm64/-/openbsd-arm64-0.24.2.tgz",
            "integrity": "sha512-YQbi46SBct6iKnszhSvdluqDmxCJA+Pu280Av9WICNwQmMxV7nLRHZfjQzwbPs3jeWnuAhE9Jy0NrnJ12Oz+0A==",
            "cpu": [
                "arm64"
            ],
            "license": "MIT",
            "optional": true,
            "os": [
                "openbsd"
            ],
            "engines": {
                "node": ">=18"
            }
        },
        "node_modules/@esbuild/openbsd-x64": {
            "version": "0.24.2",
            "resolved": "https://registry.npmjs.org/@esbuild/openbsd-x64/-/openbsd-x64-0.24.2.tgz",
            "integrity": "sha512-+iDS6zpNM6EnJyWv0bMGLWSWeXGN/HTaF/LXHXHwejGsVi+ooqDfMCCTerNFxEkM3wYVcExkeGXNqshc9iMaOA==",
            "cpu": [
                "x64"
            ],
            "license": "MIT",
            "optional": true,
            "os": [
                "openbsd"
            ],
            "engines": {
                "node": ">=18"
            }
        },
        "node_modules/@esbuild/sunos-x64": {
            "version": "0.24.2",
            "resolved": "https://registry.npmjs.org/@esbuild/sunos-x64/-/sunos-x64-0.24.2.tgz",
            "integrity": "sha512-hTdsW27jcktEvpwNHJU4ZwWFGkz2zRJUz8pvddmXPtXDzVKTTINmlmga3ZzwcuMpUvLw7JkLy9QLKyGpD2Yxig==",
            "cpu": [
                "x64"
            ],
            "license": "MIT",
            "optional": true,
            "os": [
                "sunos"
            ],
            "engines": {
                "node": ">=18"
            }
        },
        "node_modules/@esbuild/win32-arm64": {
            "version": "0.24.2",
            "resolved": "https://registry.npmjs.org/@esbuild/win32-arm64/-/win32-arm64-0.24.2.tgz",
            "integrity": "sha512-LihEQ2BBKVFLOC9ZItT9iFprsE9tqjDjnbulhHoFxYQtQfai7qfluVODIYxt1PgdoyQkz23+01rzwNwYfutxUQ==",
            "cpu": [
                "arm64"
            ],
            "license": "MIT",
            "optional": true,
            "os": [
                "win32"
            ],
            "engines": {
                "node": ">=18"
            }
        },
        "node_modules/@esbuild/win32-ia32": {
            "version": "0.24.2",
            "resolved": "https://registry.npmjs.org/@esbuild/win32-ia32/-/win32-ia32-0.24.2.tgz",
            "integrity": "sha512-q+iGUwfs8tncmFC9pcnD5IvRHAzmbwQ3GPS5/ceCyHdjXubwQWI12MKWSNSMYLJMq23/IUCvJMS76PDqXe1fxA==",
            "cpu": [
                "ia32"
            ],
            "license": "MIT",
            "optional": true,
            "os": [
                "win32"
            ],
            "engines": {
                "node": ">=18"
            }
        },
        "node_modules/@esbuild/win32-x64": {
            "version": "0.24.2",
            "resolved": "https://registry.npmjs.org/@esbuild/win32-x64/-/win32-x64-0.24.2.tgz",
            "integrity": "sha512-7VTgWzgMGvup6aSqDPLiW5zHaxYJGTO4OokMjIlrCtf+VpEL+cXKtCvg723iguPYI5oaUNdS+/V7OU2gvXVWEg==",
            "cpu": [
                "x64"
            ],
            "license": "MIT",
            "optional": true,
            "os": [
                "win32"
            ],
            "engines": {
                "node": ">=18"
            }
        },
        "node_modules/agent-base": {
            "version": "7.1.3",
            "resolved": "https://registry.npmjs.org/agent-base/-/agent-base-7.1.3.tgz",
            "integrity": "sha512-jRR5wdylq8CkOe6hei19GGZnxM6rBGwFl3Bg0YItGDimvjGtAvdZk4Pu6Cl4u4Igsws4a1fd1Vq3ezrhn4KmFw==",
            "license": "MIT",
            "engines": {
                "node": ">= 14"
            }
        },
        "node_modules/anafanafo": {
            "version": "2.0.0",
            "resolved": "https://registry.npmjs.org/anafanafo/-/anafanafo-2.0.0.tgz",
            "integrity": "sha512-Nlfq7NC4AOkTJerWRIZcOAiMNtIDVIGWGvQ98O7Jl6Kr2Dk0dX5u4MqN778kSRTy5KRqchpLdF2RtLFEz9FVkQ==",
            "dependencies": {
                "char-width-table-consumer": "^1.0.0"
            }
        },
        "node_modules/argparse": {
            "version": "2.0.1",
            "resolved": "https://registry.npmjs.org/argparse/-/argparse-2.0.1.tgz",
            "integrity": "sha512-8+9WqebbFzpX9OR+Wa6O29asIogeRMzcGtAINdpMHHyAg10f05aSFVBbcEqGf/PXw1EjAZ+q2/bEBg3DvurK3Q=="
        },
        "node_modules/asynckit": {
            "version": "0.4.0",
            "resolved": "https://registry.npmjs.org/asynckit/-/asynckit-0.4.0.tgz",
            "integrity": "sha512-Oei9OH4tRh0YqU3GxhX79dM/mwVgvbZJaSNaRk+bshkj0S5cfHcgYakreBjrHwatXKbz+IoIdYLxrKim2MjW0Q==",
            "license": "MIT"
        },
        "node_modules/badge-maker": {
            "version": "4.1.0",
            "resolved": "https://registry.npmjs.org/badge-maker/-/badge-maker-4.1.0.tgz",
            "integrity": "sha512-qYImXoz0WZRMaauqSMo6QNurKp26K3RcOhefuGfno50xmAzHEJsgHbP4gnHs6Ps53KgQgFi4MJKB6Rq8H7siww==",
            "license": "CC0-1.0",
            "dependencies": {
                "anafanafo": "2.0.0",
                "css-color-converter": "^2.0.0"
            },
            "bin": {
                "badge": "lib/badge-cli.js"
            },
            "engines": {
                "node": ">=16"
            }
        },
        "node_modules/balanced-match": {
            "version": "1.0.2",
            "resolved": "https://registry.npmjs.org/balanced-match/-/balanced-match-1.0.2.tgz",
            "integrity": "sha512-3oSeUO0TMV67hN1AmbXsK4yaqU7tjiHlbxRDZOpH0KW9+CeX4bRAaX0Anxt0tx2MrpRpWwQaPwIlISEJhYU5Pw=="
        },
        "node_modules/binary-search": {
            "version": "1.3.6",
            "resolved": "https://registry.npmjs.org/binary-search/-/binary-search-1.3.6.tgz",
            "integrity": "sha512-nbE1WxOTTrUWIfsfZ4aHGYu5DOuNkbxGokjV6Z2kxfJK3uaAb8zNK1muzOeipoLHZjInT4Br88BHpzevc681xA=="
        },
        "node_modules/brace-expansion": {
            "version": "2.0.1",
            "resolved": "https://registry.npmjs.org/brace-expansion/-/brace-expansion-2.0.1.tgz",
            "integrity": "sha512-XnAIvQ8eM+kC6aULx6wuQiwVsnzsi9d3WxzV3FpWTGA19F621kwdbsAcFKXgKUHZWsy+mY6iL1sHTxWEFCytDA==",
            "dependencies": {
                "balanced-match": "^1.0.0"
            }
        },
        "node_modules/char-width-table-consumer": {
            "version": "1.0.0",
            "resolved": "https://registry.npmjs.org/char-width-table-consumer/-/char-width-table-consumer-1.0.0.tgz",
            "integrity": "sha512-Fz4UD0LBpxPgL9i29CJ5O4KANwaMnX/OhhbxzvNa332h+9+nRKyeuLw4wA51lt/ex67+/AdsoBQJF3kgX2feYQ==",
            "dependencies": {
                "binary-search": "^1.3.5"
            }
        },
        "node_modules/color-convert": {
            "version": "0.5.3",
            "resolved": "https://registry.npmjs.org/color-convert/-/color-convert-0.5.3.tgz",
            "integrity": "sha512-RwBeO/B/vZR3dfKL1ye/vx8MHZ40ugzpyfeVG5GsiuGnrlMWe2o8wxBbLCpw9CsxV+wHuzYlCiWnybrIA0ling=="
        },
        "node_modules/color-name": {
            "version": "1.1.4",
            "resolved": "https://registry.npmjs.org/color-name/-/color-name-1.1.4.tgz",
            "integrity": "sha512-dOy+3AuW3a2wNbZHIuMZpTcgjGuLU/uBL/ubcZF9OXbDo8ff4O8yVp5Bf0efS8uEoYo5q4Fx7dY9OgQGXgAsQA=="
        },
        "node_modules/combined-stream": {
            "version": "1.0.8",
            "resolved": "https://registry.npmjs.org/combined-stream/-/combined-stream-1.0.8.tgz",
            "integrity": "sha512-FQN4MRfuJeHf7cBbBMJFXhKSDq+2kAArBlmRBvcvFE5BB1HZKXtSFASDhdlz9zOYwxh8lDdnvmMOe/+5cdoEdg==",
            "license": "MIT",
            "dependencies": {
                "delayed-stream": "~1.0.0"
            },
            "engines": {
                "node": ">= 0.8"
            }
        },
        "node_modules/css-color-converter": {
            "version": "2.0.0",
            "resolved": "https://registry.npmjs.org/css-color-converter/-/css-color-converter-2.0.0.tgz",
            "integrity": "sha512-oLIG2soZz3wcC3aAl/7Us5RS8Hvvc6I8G8LniF/qfMmrm7fIKQ8RIDDRZeKyGL2SrWfNqYspuLShbnjBMVWm8g==",
            "dependencies": {
                "color-convert": "^0.5.2",
                "color-name": "^1.1.4",
                "css-unit-converter": "^1.1.2"
            }
        },
        "node_modules/css-unit-converter": {
            "version": "1.1.2",
            "resolved": "https://registry.npmjs.org/css-unit-converter/-/css-unit-converter-1.1.2.tgz",
            "integrity": "sha512-IiJwMC8rdZE0+xiEZHeru6YoONC4rfPMqGm2W85jMIbkFvv5nFTwJVFHam2eFrN6txmoUYFAFXiv8ICVeTO0MA=="
        },
        "node_modules/cssstyle": {
            "version": "4.2.1",
            "resolved": "https://registry.npmjs.org/cssstyle/-/cssstyle-4.2.1.tgz",
            "integrity": "sha512-9+vem03dMXG7gDmZ62uqmRiMRNtinIZ9ZyuF6BdxzfOD+FdN5hretzynkn0ReS2DO2GSw76RWHs0UmJPI2zUjw==",
            "license": "MIT",
            "dependencies": {
                "@asamuzakjp/css-color": "^2.8.2",
                "rrweb-cssom": "^0.8.0"
            },
            "engines": {
                "node": ">=18"
            }
        },
        "node_modules/data-urls": {
            "version": "5.0.0",
            "resolved": "https://registry.npmjs.org/data-urls/-/data-urls-5.0.0.tgz",
            "integrity": "sha512-ZYP5VBHshaDAiVZxjbRVcFJpc+4xGgT0bK3vzy1HLN8jTO975HEbuYzZJcHoQEY5K1a0z8YayJkyVETa08eNTg==",
            "dependencies": {
                "whatwg-mimetype": "^4.0.0",
                "whatwg-url": "^14.0.0"
            },
            "engines": {
                "node": ">=18"
            }
        },
        "node_modules/debug": {
            "version": "4.3.4",
            "resolved": "https://registry.npmjs.org/debug/-/debug-4.3.4.tgz",
            "integrity": "sha512-PRWFHuSU3eDtQJPvnNY7Jcket1j0t5OuOsFzPPzsekD52Zl8qUfFIPEiswXqIvHWGVHOgX+7G/vCNNhehwxfkQ==",
            "dependencies": {
                "ms": "2.1.2"
            },
            "engines": {
                "node": ">=6.0"
            },
            "peerDependenciesMeta": {
                "supports-color": {
                    "optional": true
                }
            }
        },
        "node_modules/decimal.js": {
            "version": "10.4.3",
            "resolved": "https://registry.npmjs.org/decimal.js/-/decimal.js-10.4.3.tgz",
            "integrity": "sha512-VBBaLc1MgL5XpzgIP7ny5Z6Nx3UrRkIViUkPUdtl9aya5amy3De1gsUUSB1g3+3sExYNjCAsAznmukyxCb1GRA=="
        },
        "node_modules/delayed-stream": {
            "version": "1.0.0",
            "resolved": "https://registry.npmjs.org/delayed-stream/-/delayed-stream-1.0.0.tgz",
            "integrity": "sha512-ZySD7Nf91aLB0RxL4KGrKHBXl7Eds1DAmEdcoVawXnLD7SDhpNgtuII2aAkg7a7QS41jxPSZ17p4VdGnMHk3MQ==",
            "license": "MIT",
            "engines": {
                "node": ">=0.4.0"
            }
        },
        "node_modules/entities": {
            "version": "4.5.0",
            "resolved": "https://registry.npmjs.org/entities/-/entities-4.5.0.tgz",
            "integrity": "sha512-V0hjH4dGPh9Ao5p0MoRY6BVqtwCjhz6vI5LT8AJ55H+4g9/4vbHx1I54fS0XuclLhDHArPQCiMjDxjaL8fPxhw==",
            "license": "BSD-2-Clause",
            "engines": {
                "node": ">=0.12"
            },
            "funding": {
                "url": "https://github.com/fb55/entities?sponsor=1"
            }
        },
        "node_modules/esbuild": {
            "version": "0.24.2",
            "resolved": "https://registry.npmjs.org/esbuild/-/esbuild-0.24.2.tgz",
            "integrity": "sha512-+9egpBW8I3CD5XPe0n6BfT5fxLzxrlDzqydF3aviG+9ni1lDC/OvMHcxqEFV0+LANZG5R1bFMWfUrjVsdwxJvA==",
            "hasInstallScript": true,
            "license": "MIT",
            "bin": {
                "esbuild": "bin/esbuild"
            },
            "engines": {
                "node": ">=18"
            },
            "optionalDependencies": {
                "@esbuild/aix-ppc64": "0.24.2",
                "@esbuild/android-arm": "0.24.2",
                "@esbuild/android-arm64": "0.24.2",
                "@esbuild/android-x64": "0.24.2",
                "@esbuild/darwin-arm64": "0.24.2",
                "@esbuild/darwin-x64": "0.24.2",
                "@esbuild/freebsd-arm64": "0.24.2",
                "@esbuild/freebsd-x64": "0.24.2",
                "@esbuild/linux-arm": "0.24.2",
                "@esbuild/linux-arm64": "0.24.2",
                "@esbuild/linux-ia32": "0.24.2",
                "@esbuild/linux-loong64": "0.24.2",
                "@esbuild/linux-mips64el": "0.24.2",
                "@esbuild/linux-ppc64": "0.24.2",
                "@esbuild/linux-riscv64": "0.24.2",
                "@esbuild/linux-s390x": "0.24.2",
                "@esbuild/linux-x64": "0.24.2",
                "@esbuild/netbsd-arm64": "0.24.2",
                "@esbuild/netbsd-x64": "0.24.2",
                "@esbuild/openbsd-arm64": "0.24.2",
                "@esbuild/openbsd-x64": "0.24.2",
                "@esbuild/sunos-x64": "0.24.2",
                "@esbuild/win32-arm64": "0.24.2",
                "@esbuild/win32-ia32": "0.24.2",
                "@esbuild/win32-x64": "0.24.2"
            }
        },
        "node_modules/form-data": {
            "version": "4.0.1",
            "resolved": "https://registry.npmjs.org/form-data/-/form-data-4.0.1.tgz",
            "integrity": "sha512-tzN8e4TX8+kkxGPK8D5u0FNmjPUjw3lwC9lSLxxoB/+GtsJG91CO8bSWy73APlgAZzZbXEYZJuxjkHH2w+Ezhw==",
            "license": "MIT",
            "dependencies": {
                "asynckit": "^0.4.0",
                "combined-stream": "^1.0.8",
                "mime-types": "^2.1.12"
            },
            "engines": {
                "node": ">= 6"
            }
        },
        "node_modules/html-encoding-sniffer": {
            "version": "4.0.0",
            "resolved": "https://registry.npmjs.org/html-encoding-sniffer/-/html-encoding-sniffer-4.0.0.tgz",
            "integrity": "sha512-Y22oTqIU4uuPgEemfz7NDJz6OeKf12Lsu+QC+s3BVpda64lTiMYCyGwg5ki4vFxkMwQdeZDl2adZoqUgdFuTgQ==",
            "dependencies": {
                "whatwg-encoding": "^3.1.1"
            },
            "engines": {
                "node": ">=18"
            }
        },
        "node_modules/http-proxy-agent": {
            "version": "7.0.2",
            "resolved": "https://registry.npmjs.org/http-proxy-agent/-/http-proxy-agent-7.0.2.tgz",
            "integrity": "sha512-T1gkAiYYDWYx3V5Bmyu7HcfcvL7mUrTWiM6yOfa3PIphViJ/gFPbvidQ+veqSOHci/PxBcDabeUNCzpOODJZig==",
            "dependencies": {
                "agent-base": "^7.1.0",
                "debug": "^4.3.4"
            },
            "engines": {
                "node": ">= 14"
            }
        },
        "node_modules/https-proxy-agent": {
            "version": "7.0.6",
            "resolved": "https://registry.npmjs.org/https-proxy-agent/-/https-proxy-agent-7.0.6.tgz",
            "integrity": "sha512-vK9P5/iUfdl95AI+JVyUuIcVtd4ofvtrOr3HNtM2yxC9bnMbEdp3x01OhQNnjb8IJYi38VlTE3mBXwcfvywuSw==",
            "license": "MIT",
            "dependencies": {
                "agent-base": "^7.1.2",
                "debug": "4"
            },
            "engines": {
                "node": ">= 14"
            }
        },
        "node_modules/iconv-lite": {
            "version": "0.6.3",
            "resolved": "https://registry.npmjs.org/iconv-lite/-/iconv-lite-0.6.3.tgz",
            "integrity": "sha512-4fCk79wshMdzMp2rH06qWrJE4iolqLhCUH+OiuIgU++RB0+94NlDL81atO7GX55uUKueo0txHNtvEyI6D7WdMw==",
            "dependencies": {
                "safer-buffer": ">= 2.1.2 < 3.0.0"
            },
            "engines": {
                "node": ">=0.10.0"
            }
        },
        "node_modules/image-size": {
            "version": "1.2.0",
            "resolved": "https://registry.npmjs.org/image-size/-/image-size-1.2.0.tgz",
            "integrity": "sha512-4S8fwbO6w3GeCVN6OPtA9I5IGKkcDMPcKndtUlpJuCwu7JLjtj7JZpwqLuyY2nrmQT3AWsCJLSKPsc2mPBSl3w==",
            "license": "MIT",
            "dependencies": {
                "queue": "6.0.2"
            },
            "bin": {
                "image-size": "bin/image-size.js"
            },
            "engines": {
                "node": ">=16.x"
            }
        },
        "node_modules/inherits": {
            "version": "2.0.4",
            "resolved": "https://registry.npmjs.org/inherits/-/inherits-2.0.4.tgz",
            "integrity": "sha512-k/vGaX4/Yla3WzyMCvTQOXYeIHvqOKtnqBduzTHpzpQZzAskKMhZ2K+EnBiSM9zGSoIFeMpXKxa4dYeZIQqewQ=="
        },
        "node_modules/is-potential-custom-element-name": {
            "version": "1.0.1",
            "resolved": "https://registry.npmjs.org/is-potential-custom-element-name/-/is-potential-custom-element-name-1.0.1.tgz",
            "integrity": "sha512-bCYeRA2rVibKZd+s2625gGnGF/t7DSqDs4dP7CrLA1m7jKWz6pps0LpYLJN8Q64HtmPKJ1hrN3nzPNKFEKOUiQ=="
        },
        "node_modules/js-yaml": {
            "version": "4.1.0",
            "resolved": "https://registry.npmjs.org/js-yaml/-/js-yaml-4.1.0.tgz",
            "integrity": "sha512-wpxZs9NoxZaJESJGIZTyDEaYpl0FKSA+FB9aJiyemKhMwkxQg63h4T1KJgUGHpTqPDNRcmmYLugrRjJlBtWvRA==",
            "dependencies": {
                "argparse": "^2.0.1"
            },
            "bin": {
                "js-yaml": "bin/js-yaml.js"
            }
        },
        "node_modules/jsdom": {
            "version": "26.0.0",
            "resolved": "https://registry.npmjs.org/jsdom/-/jsdom-26.0.0.tgz",
            "integrity": "sha512-BZYDGVAIriBWTpIxYzrXjv3E/4u8+/pSG5bQdIYCbNCGOvsPkDQfTVLAIXAf9ETdCpduCVTkDe2NNZ8NIwUVzw==",
            "license": "MIT",
            "dependencies": {
                "cssstyle": "^4.2.1",
                "data-urls": "^5.0.0",
                "decimal.js": "^10.4.3",
                "form-data": "^4.0.1",
                "html-encoding-sniffer": "^4.0.0",
                "http-proxy-agent": "^7.0.2",
                "https-proxy-agent": "^7.0.6",
                "is-potential-custom-element-name": "^1.0.1",
                "nwsapi": "^2.2.16",
                "parse5": "^7.2.1",
                "rrweb-cssom": "^0.8.0",
                "saxes": "^6.0.0",
                "symbol-tree": "^3.2.4",
                "tough-cookie": "^5.0.0",
                "w3c-xmlserializer": "^5.0.0",
                "webidl-conversions": "^7.0.0",
                "whatwg-encoding": "^3.1.1",
                "whatwg-mimetype": "^4.0.0",
                "whatwg-url": "^14.1.0",
                "ws": "^8.18.0",
                "xml-name-validator": "^5.0.0"
            },
            "engines": {
                "node": ">=18"
            },
            "peerDependencies": {
                "canvas": "^3.0.0"
            },
            "peerDependenciesMeta": {
                "canvas": {
                    "optional": true
                }
            }
        },
        "node_modules/lru-cache": {
            "version": "10.4.3",
            "resolved": "https://registry.npmjs.org/lru-cache/-/lru-cache-10.4.3.tgz",
            "integrity": "sha512-JNAzZcXrCt42VGLuYz0zfAzDfAvJWW6AfYlDBQyDV5DClI2m5sAmK+OIO7s59XfsRsWHp02jAJrRadPRGTt6SQ==",
            "license": "ISC"
        },
        "node_modules/marked": {
            "version": "15.0.6",
            "resolved": "https://registry.npmjs.org/marked/-/marked-15.0.6.tgz",
            "integrity": "sha512-Y07CUOE+HQXbVDCGl3LXggqJDbXDP2pArc2C1N1RRMN0ONiShoSsIInMd5Gsxupe7fKLpgimTV+HOJ9r7bA+pg==",
            "license": "MIT",
            "bin": {
                "marked": "bin/marked.js"
            },
            "engines": {
                "node": ">= 18"
            }
        },
        "node_modules/mime-db": {
            "version": "1.52.0",
            "resolved": "https://registry.npmjs.org/mime-db/-/mime-db-1.52.0.tgz",
            "integrity": "sha512-sPU4uV7dYlvtWJxwwxHD0PuihVNiE7TyAbQ5SWxDCB9mUYvOgroQOwYQQOKPJ8CIbE+1ETVlOoK1UC2nU3gYvg==",
            "license": "MIT",
            "engines": {
                "node": ">= 0.6"
            }
        },
        "node_modules/mime-types": {
            "version": "2.1.35",
            "resolved": "https://registry.npmjs.org/mime-types/-/mime-types-2.1.35.tgz",
            "integrity": "sha512-ZDY+bPm5zTTF+YpCrAU9nK0UgICYPT0QtT1NZWFv4s++TNkcgVaT0g6+4R2uI4MjQjzysHB1zxuWL50hzaeXiw==",
            "license": "MIT",
            "dependencies": {
                "mime-db": "1.52.0"
            },
            "engines": {
                "node": ">= 0.6"
            }
        },
        "node_modules/minimatch": {
            "version": "10.0.1",
            "resolved": "https://registry.npmjs.org/minimatch/-/minimatch-10.0.1.tgz",
            "integrity": "sha512-ethXTt3SGGR+95gudmqJ1eNhRO7eGEGIgYA9vnPatK4/etz2MEVDno5GMCibdMTuBMyElzIlgxMna3K94XDIDQ==",
            "license": "ISC",
            "dependencies": {
                "brace-expansion": "^2.0.1"
            },
            "engines": {
                "node": "20 || >=22"
            },
            "funding": {
                "url": "https://github.com/sponsors/isaacs"
            }
        },
        "node_modules/ms": {
            "version": "2.1.2",
            "resolved": "https://registry.npmjs.org/ms/-/ms-2.1.2.tgz",
            "integrity": "sha512-sGkPx+VjMtmA6MX27oA4FBFELFCZZ4S4XqeGOXCv68tT+jb3vk/RyaKWP0PTKyWtmLSM0b+adUTEvbs1PEaH2w=="
        },
        "node_modules/nwsapi": {
            "version": "2.2.16",
            "resolved": "https://registry.npmjs.org/nwsapi/-/nwsapi-2.2.16.tgz",
            "integrity": "sha512-F1I/bimDpj3ncaNDhfyMWuFqmQDBwDB0Fogc2qpL3BWvkQteFD/8BzWuIRl83rq0DXfm8SGt/HFhLXZyljTXcQ==",
            "license": "MIT"
        },
        "node_modules/parse5": {
            "version": "7.2.1",
            "resolved": "https://registry.npmjs.org/parse5/-/parse5-7.2.1.tgz",
            "integrity": "sha512-BuBYQYlv1ckiPdQi/ohiivi9Sagc9JG+Ozs0r7b/0iK3sKmrb0b9FdWdBbOdx6hBCM/F9Ir82ofnBhtZOjCRPQ==",
            "license": "MIT",
            "dependencies": {
                "entities": "^4.5.0"
            },
            "funding": {
                "url": "https://github.com/inikulin/parse5?sponsor=1"
            }
        },
        "node_modules/prismjs": {
            "version": "1.29.0",
            "resolved": "https://registry.npmjs.org/prismjs/-/prismjs-1.29.0.tgz",
            "integrity": "sha512-Kx/1w86q/epKcmte75LNrEoT+lX8pBpavuAbvJWRXar7Hz8jrtF+e3vY751p0R8H9HdArwaCTNDDzHg/ScJK1Q==",
            "engines": {
                "node": ">=6"
            }
        },
        "node_modules/punycode": {
            "version": "2.3.1",
            "resolved": "https://registry.npmjs.org/punycode/-/punycode-2.3.1.tgz",
            "integrity": "sha512-vYt7UD1U9Wg6138shLtLOvdAu+8DsC/ilFtEVHcH+wydcSpNE20AfSOduf6MkRFahL5FY7X1oU7nKVZFtfq8Fg==",
            "engines": {
                "node": ">=6"
            }
        },
        "node_modules/queue": {
            "version": "6.0.2",
            "resolved": "https://registry.npmjs.org/queue/-/queue-6.0.2.tgz",
            "integrity": "sha512-iHZWu+q3IdFZFX36ro/lKBkSvfkztY5Y7HMiPlOUjhupPcG2JMfst2KKEpu5XndviX/3UhFbRngUPNKtgvtZiA==",
            "dependencies": {
                "inherits": "~2.0.3"
            }
        },
        "node_modules/rrweb-cssom": {
            "version": "0.8.0",
            "resolved": "https://registry.npmjs.org/rrweb-cssom/-/rrweb-cssom-0.8.0.tgz",
            "integrity": "sha512-guoltQEx+9aMf2gDZ0s62EcV8lsXR+0w8915TC3ITdn2YueuNjdAYh/levpU9nFaoChh9RUS5ZdQMrKfVEN9tw==",
            "license": "MIT"
        },
        "node_modules/safer-buffer": {
            "version": "2.1.2",
            "resolved": "https://registry.npmjs.org/safer-buffer/-/safer-buffer-2.1.2.tgz",
            "integrity": "sha512-YZo3K82SD7Riyi0E1EQPojLz7kpepnSQI9IyPbHHg1XXXevb5dJI7tpyN2ADxGcQbHG7vcyRHk0cbwqcQriUtg=="
        },
        "node_modules/saxes": {
            "version": "6.0.0",
            "resolved": "https://registry.npmjs.org/saxes/-/saxes-6.0.0.tgz",
            "integrity": "sha512-xAg7SOnEhrm5zI3puOOKyy1OMcMlIJZYNJY7xLBwSze0UjhPLnWfj2GF2EpT0jmzaJKIWKHLsaSSajf35bcYnA==",
            "dependencies": {
                "xmlchars": "^2.2.0"
            },
            "engines": {
                "node": ">=v12.22.7"
            }
        },
        "node_modules/symbol-tree": {
            "version": "3.2.4",
            "resolved": "https://registry.npmjs.org/symbol-tree/-/symbol-tree-3.2.4.tgz",
            "integrity": "sha512-9QNk5KwDF+Bvz+PyObkmSYjI5ksVUYtjW7AU22r2NKcfLJcXp96hkDWU3+XndOsUb+AQ9QhfzfCT2O+CNWT5Tw=="
        },
        "node_modules/tldts": {
            "version": "6.1.73",
            "resolved": "https://registry.npmjs.org/tldts/-/tldts-6.1.73.tgz",
            "integrity": "sha512-/h4bVmuEMm57c2uCiAf1Q9mlQk7cA22m+1Bu0K92vUUtTVT9D4mOFWD9r4WQuTULcG9eeZtNKhLl0Il1LdKGog==",
            "license": "MIT",
            "dependencies": {
                "tldts-core": "^6.1.73"
            },
            "bin": {
                "tldts": "bin/cli.js"
            }
        },
        "node_modules/tldts-core": {
            "version": "6.1.73",
            "resolved": "https://registry.npmjs.org/tldts-core/-/tldts-core-6.1.73.tgz",
            "integrity": "sha512-k1g5eX87vxu3g//6XMn62y4qjayu4cYby/PF7Ksnh4F4uUK1Z1ze/mJ4a+y5OjdJ+cXRp+YTInZhH+FGdUWy1w==",
            "license": "MIT"
        },
        "node_modules/tough-cookie": {
            "version": "5.1.0",
            "resolved": "https://registry.npmjs.org/tough-cookie/-/tough-cookie-5.1.0.tgz",
            "integrity": "sha512-rvZUv+7MoBYTiDmFPBrhL7Ujx9Sk+q9wwm22x8c8T5IJaR+Wsyc7TNxbVxo84kZoRJZZMazowFLqpankBEQrGg==",
            "license": "BSD-3-Clause",
            "dependencies": {
                "tldts": "^6.1.32"
            },
            "engines": {
                "node": ">=16"
            }
        },
        "node_modules/tr46": {
            "version": "5.0.0",
            "resolved": "https://registry.npmjs.org/tr46/-/tr46-5.0.0.tgz",
            "integrity": "sha512-tk2G5R2KRwBd+ZN0zaEXpmzdKyOYksXwywulIX95MBODjSzMIuQnQ3m8JxgbhnL1LeVo7lqQKsYa1O3Htl7K5g==",
            "dependencies": {
                "punycode": "^2.3.1"
            },
            "engines": {
                "node": ">=18"
            }
        },
        "node_modules/w3c-xmlserializer": {
            "version": "5.0.0",
            "resolved": "https://registry.npmjs.org/w3c-xmlserializer/-/w3c-xmlserializer-5.0.0.tgz",
            "integrity": "sha512-o8qghlI8NZHU1lLPrpi2+Uq7abh4GGPpYANlalzWxyWteJOCsr/P+oPBA49TOLu5FTZO4d3F9MnWJfiMo4BkmA==",
            "dependencies": {
                "xml-name-validator": "^5.0.0"
            },
            "engines": {
                "node": ">=18"
            }
        },
        "node_modules/webidl-conversions": {
            "version": "7.0.0",
            "resolved": "https://registry.npmjs.org/webidl-conversions/-/webidl-conversions-7.0.0.tgz",
            "integrity": "sha512-VwddBukDzu71offAQR975unBIGqfKZpM+8ZX6ySk8nYhVoo5CYaZyzt3YBvYtRtO+aoGlqxPg/B87NGVZ/fu6g==",
            "engines": {
                "node": ">=12"
            }
        },
        "node_modules/whatwg-encoding": {
            "version": "3.1.1",
            "resolved": "https://registry.npmjs.org/whatwg-encoding/-/whatwg-encoding-3.1.1.tgz",
            "integrity": "sha512-6qN4hJdMwfYBtE3YBTTHhoeuUrDBPZmbQaxWAqSALV/MeEnR5z1xd8UKud2RAkFoPkmB+hli1TZSnyi84xz1vQ==",
            "dependencies": {
                "iconv-lite": "0.6.3"
            },
            "engines": {
                "node": ">=18"
            }
        },
        "node_modules/whatwg-mimetype": {
            "version": "4.0.0",
            "resolved": "https://registry.npmjs.org/whatwg-mimetype/-/whatwg-mimetype-4.0.0.tgz",
            "integrity": "sha512-QaKxh0eNIi2mE9p2vEdzfagOKHCcj1pJ56EEHGQOVxp8r9/iszLUUV7v89x9O1p/T+NlTM5W7jW6+cz4Fq1YVg==",
            "engines": {
                "node": ">=18"
            }
        },
        "node_modules/whatwg-url": {
            "version": "14.1.0",
            "resolved": "https://registry.npmjs.org/whatwg-url/-/whatwg-url-14.1.0.tgz",
            "integrity": "sha512-jlf/foYIKywAt3x/XWKZ/3rz8OSJPiWktjmk891alJUEjiVxKX9LEO92qH3hv4aJ0mN3MWPvGMCy8jQi95xK4w==",
            "license": "MIT",
            "dependencies": {
                "tr46": "^5.0.0",
                "webidl-conversions": "^7.0.0"
            },
            "engines": {
                "node": ">=18"
            }
        },
        "node_modules/ws": {
            "version": "8.18.0",
            "resolved": "https://registry.npmjs.org/ws/-/ws-8.18.0.tgz",
            "integrity": "sha512-8VbfWfHLbbwu3+N6OKsOMpBdT4kXPDDB9cJk2bJ6mh9ucxdlnNvH1e+roYkKmN9Nxw2yjz7VzeO9oOz2zJ04Pw==",
            "license": "MIT",
            "engines": {
                "node": ">=10.0.0"
            },
            "peerDependencies": {
                "bufferutil": "^4.0.1",
                "utf-8-validate": ">=5.0.2"
            },
            "peerDependenciesMeta": {
                "bufferutil": {
                    "optional": true
                },
                "utf-8-validate": {
                    "optional": true
                }
            }
        },
        "node_modules/xml-name-validator": {
            "version": "5.0.0",
            "resolved": "https://registry.npmjs.org/xml-name-validator/-/xml-name-validator-5.0.0.tgz",
            "integrity": "sha512-EvGK8EJ3DhaHfbRlETOWAS5pO9MZITeauHKJyb8wyajUfQUenkIg2MvLDTZ4T/TgIcm3HU0TFBgWWboAZ30UHg==",
            "engines": {
                "node": ">=18"
            }
        },
        "node_modules/xmlchars": {
            "version": "2.2.0",
            "resolved": "https://registry.npmjs.org/xmlchars/-/xmlchars-2.2.0.tgz",
            "integrity": "sha512-JZnDKK8B0RCDw84FNdDAIpZK+JuJw+s7Lz8nksI7SIuU3UXJJslUthsi+uWBUYOwPFwW7W7PRLRfUKpxjtjFCw=="
        }
    }
}
